
Microsoft Visual Studio Solution File, Format Version 12.00
Project("{FAE04EC0-301F-11D3-BF4B-00C04F79EFBC}") = "TicTacToe2", "TicTacToe2\TicTacToe2.csproj", "{E72BB325-5BC1-4505-BAB3-EB25FFEE02C9}"
EndProject
Global
	GlobalSection(SolutionConfigurationPlatforms) = preSolution
		Debug|Any CPU = Debug|Any CPU
		Release|Any CPU = Release|Any CPU
	EndGlobalSection
	GlobalSection(ProjectConfigurationPlatforms) = postSolution
		{E72BB325-5BC1-4505-BAB3-EB25FFEE02C9}.Debug|Any CPU.ActiveCfg = Debug|Any CPU
		{E72BB325-5BC1-4505-BAB3-EB25FFEE02C9}.Debug|Any CPU.Build.0 = Debug|Any CPU
		{E72BB325-5BC1-4505-BAB3-EB25FFEE02C9}.Release|Any CPU.ActiveCfg = Release|Any CPU
		{E72BB325-5BC1-4505-BAB3-EB25FFEE02C9}.Release|Any CPU.Build.0 = Release|Any CPU
	EndGlobalSection
EndGlobal
